
Microsoft Visual Studio Solution File, Format Version 12.00
# Visual Studio Version 17
VisualStudioVersion = 17.9.34622.214
MinimumVisualStudioVersion = 10.0.40219.1
Project("{FAE04EC0-301F-11D3-BF4B-00C04F79EFBC}") = "dmyo-oop-final-assigment", "dmyo-oop-final-assigment.csproj", "{09A2A16B-BC4A-4037-A821-7BA72BF75D4F}"
EndProject
Global
	GlobalSection(SolutionConfigurationPlatforms) = preSolution
		Debug|Any CPU = Debug|Any CPU
		Release|Any CPU = Release|Any CPU
	EndGlobalSection
	GlobalSection(ProjectConfigurationPlatforms) = postSolution
		{09A2A16B-BC4A-4037-A821-7BA72BF75D4F}.Debug|Any CPU.ActiveCfg = Debug|Any CPU
		{09A2A16B-BC4A-4037-A821-7BA72BF75D4F}.Debug|Any CPU.Build.0 = Debug|Any CPU
		{09A2A16B-BC4A-4037-A821-7BA72BF75D4F}.Release|Any CPU.ActiveCfg = Release|Any CPU
		{09A2A16B-BC4A-4037-A821-7BA72BF75D4F}.Release|Any CPU.Build.0 = Release|Any CPU
	EndGlobalSection
	GlobalSection(SolutionProperties) = preSolution
		HideSolutionNode = FALSE
	EndGlobalSection
	GlobalSection(ExtensibilityGlobals) = postSolution
		SolutionGuid = {D437FAD6-32D9-4169-A23E-0E907DACDDE6}
	EndGlobalSection
EndGlobal
